
Microsoft Visual Studio Solution File, Format Version 12.00
# Visual Studio Version 17
VisualStudioVersion = 17.4.33213.308
MinimumVisualStudioVersion = 10.0.40219.1
Project("{FAE04EC0-301F-11D3-BF4B-00C04F79EFBC}") = "Ellipses", "Ellipses\Ellipses.csproj", "{D12054C0-B44C-4176-AF6C-750681A4B9F7}"
EndProject
Global
	GlobalSection(SolutionConfigurationPlatforms) = preSolution
		Debug|Any CPU = Debug|Any CPU
		Release|Any CPU = Release|Any CPU
	EndGlobalSection
	GlobalSection(ProjectConfigurationPlatforms) = postSolution
		{D12054C0-B44C-4176-AF6C-750681A4B9F7}.Debug|Any CPU.ActiveCfg = Debug|Any CPU
		{D12054C0-B44C-4176-AF6C-750681A4B9F7}.Debug|Any CPU.Build.0 = Debug|Any CPU
		{D12054C0-B44C-4176-AF6C-750681A4B9F7}.Release|Any CPU.ActiveCfg = Release|Any CPU
		{D12054C0-B44C-4176-AF6C-750681A4B9F7}.Release|Any CPU.Build.0 = Release|Any CPU
	EndGlobalSection
	GlobalSection(SolutionProperties) = preSolution
		HideSolutionNode = FALSE
	EndGlobalSection
	GlobalSection(ExtensibilityGlobals) = postSolution
		SolutionGuid = {379F0069-2FC2-434B-A17D-73B24999C1E6}
	EndGlobalSection
EndGlobal
